{
    "version": 3,
    "terraform_version": "0.11.10",
    "serial": 6,
    "lineage": "25676cf2-0947-37c9-3069-b82703e83def",
    "modules": [
        {
            "path": [
                "root"
            ],
            "outputs": {},
            "resources": {
                "alicloud_oss_bucket.that": {
                    "type": "alicloud_oss_bucket",
                    "depends_on": [],
                    "primary": {
                        "id": "bucket-terraform-20181111",
                        "attributes": {
                            "acl": "private",
                            "bucket": "bucket-terraform-20181111",
                            "creation_date": "13116-11-11",
                            "extranet_endpoint": "oss-cn-beijing.aliyuncs.com",
                            "id": "bucket-terraform-20181111",
                            "intranet_endpoint": "oss-cn-beijing-internal.aliyuncs.com",
                            "location": "oss-cn-beijing",
                            "logging.#": "0",
                            "logging_isenable": "true",
                            "owner": "1147096387694355",
                            "referer_config.#": "1",
                            "referer_config.0.allow_empty": "true",
                            "referer_config.0.referers.#": "0",
                            "storage_class": "Standard"
                        },
                        "meta": {},
                        "tainted": false
                    },
                    "deposed": [],
                    "provider": "provider.alicloud"
                }
            },
            "depends_on": []
        },
        {
            "path": [
                "root",
                "oss-object"
            ],
            "outputs": {
                "oss_dest_file": {
                    "sensitive": false,
                    "type": "string",
                    "value": "test-1.txt"
                },
                "oss_source_file": {
                    "sensitive": false,
                    "type": "string",
                    "value": "test.txt"
                }
            },
            "resources": {
                "alicloud_oss_bucket_object.upload_object_without_encryption": {
                    "type": "alicloud_oss_bucket_object",
                    "depends_on": [],
                    "primary": {
                        "id": "test-1.txt",
                        "attributes": {
                            "acl": "private",
                            "bucket": "bucket-terraform-20181111",
                            "cache_control": "",
                            "content_disposition": "",
                            "content_encoding": "",
                            "content_length": "8388608",
                            "content_type": "text/plain; charset=utf-8",
                            "etag": "F9551A91D2377D1B1B4D506606F4C2EE",
                            "expires": "",
                            "id": "test-1.txt",
                            "key": "test-1.txt",
                            "server_side_encryption": "",
                            "source": "test.txt"
                        },
                        "meta": {},
                        "tainted": false
                    },
                    "deposed": [],
                    "provider": "provider.alicloud"
                }
            },
            "depends_on": []
        }
    ]
}
